lockfileVersion: '9.0'

settings:
  autoInstallPeers: true
  excludeLinksFromLockfile: false

importers:

  .:
    dependencies:
      gsap:
        specifier: ^3.13.0
        version: 3.13.0

packages:

  gsap@3.13.0:
    resolution: {integrity: sha512-QL7MJ2WMjm1PHWsoFrAQH/J8wUeqZvMtHO58qdekHpCfhvhSL4gSiz6vJf5EeMP0LOn3ZCprL2ki/gjED8ghVw==}

snapshots:

  gsap@3.13.0: {}
